
Microsoft Visual Studio Solution File, Format Version 12.00
# Visual Studio Version 17
VisualStudioVersion = 17.0.32014.148
MinimumVisualStudioVersion = 10.0.40219.1
Project("{FAE04EC0-301F-11D3-BF4B-00C04F79EFBC}") = "Strelkov13.Android", "Strelkov13\Strelkov13.Android\Strelkov13.Android.csproj", "{7D9FD371-6CDD-4515-942D-9F767D1DACD5}"
EndProject
Project("{FAE04EC0-301F-11D3-BF4B-00C04F79EFBC}") = "Strelkov13.iOS", "Strelkov13\Strelkov13.iOS\Strelkov13.iOS.csproj", "{D0AF6150-2316-43AE-991E-6C841E12B5D1}"
EndProject
Project("{FAE04EC0-301F-11D3-BF4B-00C04F79EFBC}") = "Strelkov13", "Strelkov13\Strelkov13\Strelkov13.csproj", "{AD741C89-D00B-4BFA-A515-1DF9BC31EE76}"
EndProject
Global
	GlobalSection(SolutionConfigurationPlatforms) = preSolution
		Debug|Any CPU = Debug|Any CPU
		Debug|iPhone = Debug|iPhone
		Debug|iPhoneSimulator = Debug|iPhoneSimulator
		Release|Any CPU = Release|Any CPU
		Release|iPhone = Release|iPhone
		Release|iPhoneSimulator = Release|iPhoneSimulator
	EndGlobalSection
	GlobalSection(ProjectConfigurationPlatforms) = postSolution
		{7D9FD371-6CDD-4515-942D-9F767D1DACD5}.Debug|Any CPU.ActiveCfg = Debug|Any CPU
		{7D9FD371-6CDD-4515-942D-9F767D1DACD5}.Debug|Any CPU.Build.0 = Debug|Any CPU
		{7D9FD371-6CDD-4515-942D-9F767D1DACD5}.Debug|Any CPU.Deploy.0 = Debug|Any CPU
		{7D9FD371-6CDD-4515-942D-9F767D1DACD5}.Debug|iPhone.ActiveCfg = Debug|Any CPU
		{7D9FD371-6CDD-4515-942D-9F767D1DACD5}.Debug|iPhone.Build.0 = Debug|Any CPU
		{7D9FD371-6CDD-4515-942D-9F767D1DACD5}.Debug|iPhone.Deploy.0 = Debug|Any CPU
		{7D9FD371-6CDD-4515-942D-9F767D1DACD5}.Debug|iPhoneSimulator.ActiveCfg = Debug|Any CPU
		{7D9FD371-6CDD-4515-942D-9F767D1DACD5}.Debug|iPhoneSimulator.Build.0 = Debug|Any CPU
		{7D9FD371-6CDD-4515-942D-9F767D1DACD5}.Debug|iPhoneSimulator.Deploy.0 = Debug|Any CPU
		{7D9FD371-6CDD-4515-942D-9F767D1DACD5}.Release|Any CPU.ActiveCfg = Release|Any CPU
		{7D9FD371-6CDD-4515-942D-9F767D1DACD5}.Release|Any CPU.Build.0 = Release|Any CPU
		{7D9FD371-6CDD-4515-942D-9F767D1DACD5}.Release|Any CPU.Deploy.0 = Release|Any CPU
		{7D9FD371-6CDD-4515-942D-9F767D1DACD5}.Release|iPhone.ActiveCfg = Release|Any CPU
		{7D9FD371-6CDD-4515-942D-9F767D1DACD5}.Release|iPhone.Build.0 = Release|Any CPU
		{7D9FD371-6CDD-4515-942D-9F767D1DACD5}.Release|iPhone.Deploy.0 = Release|Any CPU
		{7D9FD371-6CDD-4515-942D-9F767D1DACD5}.Release|iPhoneSimulator.ActiveCfg = Release|Any CPU
		{7D9FD371-6CDD-4515-942D-9F767D1DACD5}.Release|iPhoneSimulator.Build.0 = Release|Any CPU
		{7D9FD371-6CDD-4515-942D-9F767D1DACD5}.Release|iPhoneSimulator.Deploy.0 = Release|Any CPU
		{D0AF6150-2316-43AE-991E-6C841E12B5D1}.Debug|Any CPU.ActiveCfg = Debug|iPhone
		{D0AF6150-2316-43AE-991E-6C841E12B5D1}.Debug|Any CPU.Build.0 = Debug|iPhone
		{D0AF6150-2316-43AE-991E-6C841E12B5D1}.Debug|Any CPU.Deploy.0 = Debug|iPhone
		{D0AF6150-2316-43AE-991E-6C841E12B5D1}.Debug|iPhone.ActiveCfg = Debug|iPhone
		{D0AF6150-2316-43AE-991E-6C841E12B5D1}.Debug|iPhone.Build.0 = Debug|iPhone
		{D0AF6150-2316-43AE-991E-6C841E12B5D1}.Debug|iPhone.Deploy.0 = Debug|iPhone
		{D0AF6150-2316-43AE-991E-6C841E12B5D1}.Debug|iPhoneSimulator.ActiveCfg = Debug|iPhoneSimulator
		{D0AF6150-2316-43AE-991E-6C841E12B5D1}.Debug|iPhoneSimulator.Build.0 = Debug|iPhoneSimulator
		{D0AF6150-2316-43AE-991E-6C841E12B5D1}.Debug|iPhoneSimulator.Deploy.0 = Debug|iPhoneSimulator
		{D0AF6150-2316-43AE-991E-6C841E12B5D1}.Release|Any CPU.ActiveCfg = Release|iPhoneSimulator
		{D0AF6150-2316-43AE-991E-6C841E12B5D1}.Release|Any CPU.Build.0 = Release|iPhoneSimulator
		{D0AF6150-2316-43AE-991E-6C841E12B5D1}.Release|Any CPU.Deploy.0 = Release|iPhoneSimulator
		{D0AF6150-2316-43AE-991E-6C841E12B5D1}.Release|iPhone.ActiveCfg = Release|iPhone
		{D0AF6150-2316-43AE-991E-6C841E12B5D1}.Release|iPhone.Build.0 = Release|iPhone
		{D0AF6150-2316-43AE-991E-6C841E12B5D1}.Release|iPhone.Deploy.0 = Release|iPhone
		{D0AF6150-2316-43AE-991E-6C841E12B5D1}.Release|iPhoneSimulator.ActiveCfg = Release|iPhoneSimulator
		{D0AF6150-2316-43AE-991E-6C841E12B5D1}.Release|iPhoneSimulator.Build.0 = Release|iPhoneSimulator
		{D0AF6150-2316-43AE-991E-6C841E12B5D1}.Release|iPhoneSimulator.Deploy.0 = Release|iPhoneSimulator
		{AD741C89-D00B-4BFA-A515-1DF9BC31EE76}.Debug|Any CPU.ActiveCfg = Debug|Any CPU
		{AD741C89-D00B-4BFA-A515-1DF9BC31EE76}.Debug|Any CPU.Build.0 = Debug|Any CPU
		{AD741C89-D00B-4BFA-A515-1DF9BC31EE76}.Debug|Any CPU.Deploy.0 = Debug|Any CPU
		{AD741C89-D00B-4BFA-A515-1DF9BC31EE76}.Debug|iPhone.ActiveCfg = Debug|Any CPU
		{AD741C89-D00B-4BFA-A515-1DF9BC31EE76}.Debug|iPhone.Build.0 = Debug|Any CPU
		{AD741C89-D00B-4BFA-A515-1DF9BC31EE76}.Debug|iPhone.Deploy.0 = Debug|Any CPU
		{AD741C89-D00B-4BFA-A515-1DF9BC31EE76}.Debug|iPhoneSimulator.ActiveCfg = Debug|Any CPU
		{AD741C89-D00B-4BFA-A515-1DF9BC31EE76}.Debug|iPhoneSimulator.Build.0 = Debug|Any CPU
		{AD741C89-D00B-4BFA-A515-1DF9BC31EE76}.Debug|iPhoneSimulator.Deploy.0 = Debug|Any CPU
		{AD741C89-D00B-4BFA-A515-1DF9BC31EE76}.Release|Any CPU.ActiveCfg = Release|Any CPU
		{AD741C89-D00B-4BFA-A515-1DF9BC31EE76}.Release|Any CPU.Build.0 = Release|Any CPU
		{AD741C89-D00B-4BFA-A515-1DF9BC31EE76}.Release|Any CPU.Deploy.0 = Release|Any CPU
		{AD741C89-D00B-4BFA-A515-1DF9BC31EE76}.Release|iPhone.ActiveCfg = Release|Any CPU
		{AD741C89-D00B-4BFA-A515-1DF9BC31EE76}.Release|iPhone.Build.0 = Release|Any CPU
		{AD741C89-D00B-4BFA-A515-1DF9BC31EE76}.Release|iPhone.Deploy.0 = Release|Any CPU
		{AD741C89-D00B-4BFA-A515-1DF9BC31EE76}.Release|iPhoneSimulator.ActiveCfg = Release|Any CPU
		{AD741C89-D00B-4BFA-A515-1DF9BC31EE76}.Release|iPhoneSimulator.Build.0 = Release|Any CPU
		{AD741C89-D00B-4BFA-A515-1DF9BC31EE76}.Release|iPhoneSimulator.Deploy.0 = Release|Any CPU
	EndGlobalSection
	GlobalSection(SolutionProperties) = preSolution
		HideSolutionNode = FALSE
	EndGlobalSection
	GlobalSection(ExtensibilityGlobals) = postSolution
		SolutionGuid = {D675D7BF-F367-4901-A4DA-67290A52C9F1}
	EndGlobalSection
EndGlobal
